
Microsoft Visual Studio Solution File, Format Version 12.00
# Visual Studio Version 17
VisualStudioVersion = 17.6.33801.468
MinimumVisualStudioVersion = 10.0.40219.1
Project("{2150E333-8FDC-42A3-9474-1A3956D46DE8}") = "0 - Apresentação", "0 - Apresentação", "{9D727C28-5A25-4C2F-A347-E9F601309292}"
EndProject
Project("{FAE04EC0-301F-11D3-BF4B-00C04F79EFBC}") = "AR.Apresentação", "AR.Apresentação\AR.Apresentação.csproj", "{AF9F1CCD-B3E8-4D7B-96FA-D6DCD19A17BC}"
EndProject
Project("{2150E333-8FDC-42A3-9474-1A3956D46DE8}") = "1 - Domain", "1 - Domain", "{8B47D40C-86F9-4D77-B165-702CE1C4B2A2}"
EndProject
Project("{FAE04EC0-301F-11D3-BF4B-00C04F79EFBC}") = "AR.Domain", "AR.Domain\AR.Domain.csproj", "{9CAC5BA2-D714-494E-B923-D2465A57A77E}"
EndProject
Project("{2150E333-8FDC-42A3-9474-1A3956D46DE8}") = "2 - Data", "2 - Data", "{9980EB0D-1EC1-498D-9324-4D4736703832}"
EndProject
Project("{FAE04EC0-301F-11D3-BF4B-00C04F79EFBC}") = "AR.Data", "AR.Data\AR.Data.csproj", "{B82B00B5-5749-42A5-A9FF-2BA5A8840821}"
EndProject
Global
	GlobalSection(SolutionConfigurationPlatforms) = preSolution
		Debug|Any CPU = Debug|Any CPU
		Release|Any CPU = Release|Any CPU
	EndGlobalSection
	GlobalSection(ProjectConfigurationPlatforms) = postSolution
		{AF9F1CCD-B3E8-4D7B-96FA-D6DCD19A17BC}.Debug|Any CPU.ActiveCfg = Debug|Any CPU
		{AF9F1CCD-B3E8-4D7B-96FA-D6DCD19A17BC}.Debug|Any CPU.Build.0 = Debug|Any CPU
		{AF9F1CCD-B3E8-4D7B-96FA-D6DCD19A17BC}.Release|Any CPU.ActiveCfg = Release|Any CPU
		{AF9F1CCD-B3E8-4D7B-96FA-D6DCD19A17BC}.Release|Any CPU.Build.0 = Release|Any CPU
		{9CAC5BA2-D714-494E-B923-D2465A57A77E}.Debug|Any CPU.ActiveCfg = Debug|Any CPU
		{9CAC5BA2-D714-494E-B923-D2465A57A77E}.Debug|Any CPU.Build.0 = Debug|Any CPU
		{9CAC5BA2-D714-494E-B923-D2465A57A77E}.Release|Any CPU.ActiveCfg = Release|Any CPU
		{9CAC5BA2-D714-494E-B923-D2465A57A77E}.Release|Any CPU.Build.0 = Release|Any CPU
		{B82B00B5-5749-42A5-A9FF-2BA5A8840821}.Debug|Any CPU.ActiveCfg = Debug|Any CPU
		{B82B00B5-5749-42A5-A9FF-2BA5A8840821}.Debug|Any CPU.Build.0 = Debug|Any CPU
		{B82B00B5-5749-42A5-A9FF-2BA5A8840821}.Release|Any CPU.ActiveCfg = Release|Any CPU
		{B82B00B5-5749-42A5-A9FF-2BA5A8840821}.Release|Any CPU.Build.0 = Release|Any CPU
	EndGlobalSection
	GlobalSection(SolutionProperties) = preSolution
		HideSolutionNode = FALSE
	EndGlobalSection
	GlobalSection(NestedProjects) = preSolution
		{AF9F1CCD-B3E8-4D7B-96FA-D6DCD19A17BC} = {9D727C28-5A25-4C2F-A347-E9F601309292}
		{9CAC5BA2-D714-494E-B923-D2465A57A77E} = {8B47D40C-86F9-4D77-B165-702CE1C4B2A2}
		{B82B00B5-5749-42A5-A9FF-2BA5A8840821} = {9980EB0D-1EC1-498D-9324-4D4736703832}
	EndGlobalSection
	GlobalSection(ExtensibilityGlobals) = postSolution
		SolutionGuid = {44188F65-949B-4F95-A816-18A2D14C004D}
	EndGlobalSection
EndGlobal
